# THIS IS AN AUTOGENERATED FILE. DO NOT EDIT THIS FILE DIRECTLY.
# yarn lockfile v1


fast-plist@^0.1.2:
  version "0.1.2"
  resolved "https://registry.yarnpkg.com/fast-plist/-/fast-plist-0.1.2.tgz#a45aff345196006d406ca6cdcd05f69051ef35b8"

monaco-editor@^0.14.3:
  version "0.14.3"
  resolved "https://registry.yarnpkg.com/monaco-editor/-/monaco-editor-0.14.3.tgz#7cc4a4096a3821f52fea9b10489b527ef3034e22"

monaco-themes@^0.2.5:
  version "0.2.5"
  resolved "https://registry.yarnpkg.com/monaco-themes/-/monaco-themes-0.2.5.tgz#a12cd45814c44d3fb52da7f2b4eb3f29d673c903"
  dependencies:
    fast-plist "^0.1.2"
